{
  "version": "3",
  "redirects": {
    "https://deno.land/std/path/mod.ts": "https://deno.land/std@0.208.0/path/mod.ts",
    "https://deno.land/x/nano_jsx/jsx-runtime/index.ts": "https://deno.land/x/nano_jsx@v0.1.0/jsx-runtime/index.ts",
    "https://deno.land/x/nano_jsx/mod.ts": "https://deno.land/x/nano_jsx@v0.1.0/mod.ts",
    "https://deno.land/x/recursive_readdir/mod.ts": "https://deno.land/x/recursive_readdir@v2.0.0/mod.ts"
  },
  "remote": {
    "https://deno.land/std@0.208.0/assert/assert.ts": "9a97dad6d98c238938e7540736b826440ad8c1c1e54430ca4c4e623e585607ee",
    "https://deno.land/std@0.208.0/assert/assertion_error.ts": "4d0bde9b374dfbcbe8ac23f54f567b77024fb67dbb1906a852d67fe050d42f56",
    "https://deno.land/std@0.208.0/path/_common/assert_path.ts": "061e4d093d4ba5aebceb2c4da3318bfe3289e868570e9d3a8e327d91c2958946",
    "https://deno.land/std@0.208.0/path/_common/basename.ts": "0d978ff818f339cd3b1d09dc914881f4d15617432ae519c1b8fdc09ff8d3789a",
    "https://deno.land/std@0.208.0/path/_common/common.ts": "9e4233b2eeb50f8b2ae10ecc2108f58583aea6fd3e8907827020282dc2b76143",
    "https://deno.land/std@0.208.0/path/_common/constants.ts": "e49961f6f4f48039c0dfed3c3f93e963ca3d92791c9d478ac5b43183413136e0",
    "https://deno.land/std@0.208.0/path/_common/dirname.ts": "2ba7fb4cc9fafb0f38028f434179579ce61d4d9e51296fad22b701c3d3cd7397",
    "https://deno.land/std@0.208.0/path/_common/format.ts": "11aa62e316dfbf22c126917f5e03ea5fe2ee707386555a8f513d27ad5756cf96",
    "https://deno.land/std@0.208.0/path/_common/from_file_url.ts": "ef1bf3197d2efbf0297a2bdbf3a61d804b18f2bcce45548ae112313ec5be3c22",
    "https://deno.land/std@0.208.0/path/_common/glob_to_reg_exp.ts": "5c3c2b79fc2294ec803d102bd9855c451c150021f452046312819fbb6d4dc156",
    "https://deno.land/std@0.208.0/path/_common/normalize.ts": "2ba7fb4cc9fafb0f38028f434179579ce61d4d9e51296fad22b701c3d3cd7397",
    "https://deno.land/std@0.208.0/path/_common/normalize_string.ts": "88c472f28ae49525f9fe82de8c8816d93442d46a30d6bb5063b07ff8a89ff589",
    "https://deno.land/std@0.208.0/path/_common/relative.ts": "1af19d787a2a84b8c534cc487424fe101f614982ae4851382c978ab2216186b4",
    "https://deno.land/std@0.208.0/path/_common/strip_trailing_separators.ts": "7ffc7c287e97bdeeee31b155828686967f222cd73f9e5780bfe7dfb1b58c6c65",
    "https://deno.land/std@0.208.0/path/_common/to_file_url.ts": "a8cdd1633bc9175b7eebd3613266d7c0b6ae0fb0cff24120b6092ac31662f9ae",
    "https://deno.land/std@0.208.0/path/_interface.ts": "6471159dfbbc357e03882c2266d21ef9afdb1e4aa771b0545e90db58a0ba314b",
    "https://deno.land/std@0.208.0/path/_os.ts": "30b0c2875f360c9296dbe6b7f2d528f0f9c741cecad2e97f803f5219e91b40a2",
    "https://deno.land/std@0.208.0/path/basename.ts": "04bb5ef3e86bba8a35603b8f3b69537112cdd19ce64b77f2522006da2977a5f3",
    "https://deno.land/std@0.208.0/path/common.ts": "f4d061c7d0b95a65c2a1a52439edec393e906b40f1caf4604c389fae7caa80f5",
    "https://deno.land/std@0.208.0/path/dirname.ts": "88a0a71c21debafc4da7a4cd44fd32e899462df458fbca152390887d41c40361",
    "https://deno.land/std@0.208.0/path/extname.ts": "2da4e2490f3b48b7121d19fb4c91681a5e11bd6bd99df4f6f47d7a71bb6ecdf2",
    "https://deno.land/std@0.208.0/path/format.ts": "3457530cc85d1b4bab175f9ae73998b34fd456c830d01883169af0681b8894fb",
    "https://deno.land/std@0.208.0/path/from_file_url.ts": "e7fa233ea1dff9641e8d566153a24d95010110185a6f418dd2e32320926043f8",
    "https://deno.land/std@0.208.0/path/glob_to_regexp.ts": "74d7448c471e293d03f05ccb968df4365fed6aaa508506b6325a8efdc01d8271",
    "https://deno.land/std@0.208.0/path/is_absolute.ts": "67232b41b860571c5b7537f4954c88d86ae2ba45e883ee37d3dec27b74909d13",
    "https://deno.land/std@0.208.0/path/is_glob.ts": "567dce5c6656bdedfc6b3ee6c0833e1e4db2b8dff6e62148e94a917f289c06ad",
    "https://deno.land/std@0.208.0/path/join.ts": "98d3d76c819af4a11a81d5ba2dbb319f1ce9d63fc2b615597d4bcfddd4a89a09",
    "https://deno.land/std@0.208.0/path/join_globs.ts": "9b84d5103b63d3dbed4b2cf8b12477b2ad415c7d343f1488505162dc0e5f4db8",
    "https://deno.land/std@0.208.0/path/mod.ts": "3defabebc98279e62b392fee7a6937adc932a8f4dcd2471441e36c15b97b00e0",
    "https://deno.land/std@0.208.0/path/normalize.ts": "aa95be9a92c7bd4f9dc0ba51e942a1973e2b93d266cd74f5ca751c136d520b66",
    "https://deno.land/std@0.208.0/path/normalize_glob.ts": "674baa82e1c00b6cb153bbca36e06f8e0337cb8062db6d905ab5de16076ca46b",
    "https://deno.land/std@0.208.0/path/parse.ts": "d87ff0deef3fb495bc0d862278ff96da5a06acf0625ca27769fc52ac0d3d6ece",
    "https://deno.land/std@0.208.0/path/posix/_util.ts": "ecf49560fedd7dd376c6156cc5565cad97c1abe9824f4417adebc7acc36c93e5",
    "https://deno.land/std@0.208.0/path/posix/basename.ts": "a630aeb8fd8e27356b1823b9dedd505e30085015407caa3396332752f6b8406a",
    "https://deno.land/std@0.208.0/path/posix/common.ts": "e781d395dc76f6282e3f7dd8de13194abb8b04a82d109593141abc6e95755c8b",
    "https://deno.land/std@0.208.0/path/posix/dirname.ts": "f48c9c42cc670803b505478b7ef162c7cfa9d8e751b59d278b2ec59470531472",
    "https://deno.land/std@0.208.0/path/posix/extname.ts": "ee7f6571a9c0a37f9218fbf510c440d1685a7c13082c348d701396cc795e0be0",
    "https://deno.land/std@0.208.0/path/posix/format.ts": "b94876f77e61bfe1f147d5ccb46a920636cd3cef8be43df330f0052b03875968",
    "https://deno.land/std@0.208.0/path/posix/from_file_url.ts": "b97287a83e6407ac27bdf3ab621db3fccbf1c27df0a1b1f20e1e1b5acf38a379",
    "https://deno.land/std@0.208.0/path/posix/glob_to_regexp.ts": "6ed00c71fbfe0ccc35977c35444f94e82200b721905a60bd1278b1b768d68b1a",
    "https://deno.land/std@0.208.0/path/posix/is_absolute.ts": "159900a3422d11069d48395568217eb7fc105ceda2683d03d9b7c0f0769e01b8",
    "https://deno.land/std@0.208.0/path/posix/is_glob.ts": "ec4fbc604b9db8487f7b56ab0e759b24a971ab6a45f7b0b698bc39b8b9f9680f",
    "https://deno.land/std@0.208.0/path/posix/join.ts": "0c0d84bdc344876930126640011ec1b888e6facf74153ffad9ef26813aa2a076",
    "https://deno.land/std@0.208.0/path/posix/join_globs.ts": "f4838d54b1f60a34a40625a3293f6e583135348be1b2974341ac04743cb26121",
    "https://deno.land/std@0.208.0/path/posix/mod.ts": "f1b08a7f64294b7de87fc37190d63b6ce5b02889af9290c9703afe01951360ae",
    "https://deno.land/std@0.208.0/path/posix/normalize.ts": "11de90a94ab7148cc46e5a288f7d732aade1d616bc8c862f5560fa18ff987b4b",
    "https://deno.land/std@0.208.0/path/posix/normalize_glob.ts": "10a1840c628ebbab679254d5fa1c20e59106102354fb648a1765aed72eb9f3f9",
    "https://deno.land/std@0.208.0/path/posix/parse.ts": "199208f373dd93a792e9c585352bfc73a6293411bed6da6d3bc4f4ef90b04c8e",
    "https://deno.land/std@0.208.0/path/posix/relative.ts": "e2f230608b0f083e6deaa06e063943e5accb3320c28aef8d87528fbb7fe6504c",
    "https://deno.land/std@0.208.0/path/posix/resolve.ts": "51579d83159d5c719518c9ae50812a63959bbcb7561d79acbdb2c3682236e285",
    "https://deno.land/std@0.208.0/path/posix/separator.ts": "0b6573b5f3269a3164d8edc9cefc33a02dd51003731c561008c8bb60220ebac1",
    "https://deno.land/std@0.208.0/path/posix/to_file_url.ts": "08d43ea839ee75e9b8b1538376cfe95911070a655cd312bc9a00f88ef14967b6",
    "https://deno.land/std@0.208.0/path/posix/to_namespaced_path.ts": "c9228a0e74fd37e76622cd7b142b8416663a9b87db643302fa0926b5a5c83bdc",
    "https://deno.land/std@0.208.0/path/relative.ts": "23d45ede8b7ac464a8299663a43488aad6b561414e7cbbe4790775590db6349c",
    "https://deno.land/std@0.208.0/path/resolve.ts": "5b184efc87155a0af9fa305ff68a109e28de9aee81fc3e77cd01380f19daf867",
    "https://deno.land/std@0.208.0/path/separator.ts": "40a3e9a4ad10bef23bc2cd6c610291b6c502a06237c2c4cd034a15ca78dedc1f",
    "https://deno.land/std@0.208.0/path/to_file_url.ts": "edaafa089e0bce386e1b2d47afe7c72e379ff93b28a5829a5885e4b6c626d864",
    "https://deno.land/std@0.208.0/path/to_namespaced_path.ts": "cf8734848aac3c7527d1689d2adf82132b1618eff3cc523a775068847416b22a",
    "https://deno.land/std@0.208.0/path/windows/_util.ts": "f32b9444554c8863b9b4814025c700492a2b57ff2369d015360970a1b1099d54",
    "https://deno.land/std@0.208.0/path/windows/basename.ts": "8a9dbf7353d50afbc5b221af36c02a72c2d1b2b5b9f7c65bf6a5a2a0baf88ad3",
    "https://deno.land/std@0.208.0/path/windows/common.ts": "e781d395dc76f6282e3f7dd8de13194abb8b04a82d109593141abc6e95755c8b",
    "https://deno.land/std@0.208.0/path/windows/dirname.ts": "5c2aa541384bf0bd9aca821275d2a8690e8238fa846198ef5c7515ce31a01a94",
    "https://deno.land/std@0.208.0/path/windows/extname.ts": "07f4fa1b40d06a827446b3e3bcc8d619c5546b079b8ed0c77040bbef716c7614",
    "https://deno.land/std@0.208.0/path/windows/format.ts": "343019130d78f172a5c49fdc7e64686a7faf41553268961e7b6c92a6d6548edf",
    "https://deno.land/std@0.208.0/path/windows/from_file_url.ts": "d53335c12b0725893d768be3ac6bf0112cc5b639d2deb0171b35988493b46199",
    "https://deno.land/std@0.208.0/path/windows/glob_to_regexp.ts": "290755e18ec6c1a4f4d711c3390537358e8e3179581e66261a0cf348b1a13395",
    "https://deno.land/std@0.208.0/path/windows/is_absolute.ts": "245b56b5f355ede8664bd7f080c910a97e2169972d23075554ae14d73722c53c",
    "https://deno.land/std@0.208.0/path/windows/is_glob.ts": "ec4fbc604b9db8487f7b56ab0e759b24a971ab6a45f7b0b698bc39b8b9f9680f",
    "https://deno.land/std@0.208.0/path/windows/join.ts": "e6600bf88edeeef4e2276e155b8de1d5dec0435fd526ba2dc4d37986b2882f16",
    "https://deno.land/std@0.208.0/path/windows/join_globs.ts": "f4838d54b1f60a34a40625a3293f6e583135348be1b2974341ac04743cb26121",
    "https://deno.land/std@0.208.0/path/windows/mod.ts": "d7040f461465c2c21c1c68fc988ef0bdddd499912138cde3abf6ad60c7fb3814",
    "https://deno.land/std@0.208.0/path/windows/normalize.ts": "9deebbf40c81ef540b7b945d4ccd7a6a2c5a5992f791e6d3377043031e164e69",
    "https://deno.land/std@0.208.0/path/windows/normalize_glob.ts": "344ff5ed45430495b9a3d695567291e50e00b1b3b04ea56712a2acf07ab5c128",
    "https://deno.land/std@0.208.0/path/windows/parse.ts": "120faf778fe1f22056f33ded069b68e12447668fcfa19540c0129561428d3ae5",
    "https://deno.land/std@0.208.0/path/windows/relative.ts": "026855cd2c36c8f28f1df3c6fbd8f2449a2aa21f48797a74700c5d872b86d649",
    "https://deno.land/std@0.208.0/path/windows/resolve.ts": "5ff441ab18a2346abadf778121128ee71bda4d0898513d4639a6ca04edca366b",
    "https://deno.land/std@0.208.0/path/windows/separator.ts": "ae21f27015f10510ed1ac4a0ba9c4c9c967cbdd9d9e776a3e4967553c397bd5d",
    "https://deno.land/std@0.208.0/path/windows/to_file_url.ts": "8e9ea9e1ff364aa06fa72999204229952d0a279dbb876b7b838b2b2fea55cce3",
    "https://deno.land/std@0.208.0/path/windows/to_namespaced_path.ts": "e0f4d4a5e77f28a5708c1a33ff24360f35637ba6d8f103d19661255ef7bfd50d",
    "https://deno.land/x/nano_jsx@v0.1.0/component.ts": "6bd3dab67754e91308df863e11e2b7945bbe0bf575b4bc529e8a9e02087eb732",
    "https://deno.land/x/nano_jsx@v0.1.0/components/helmet.ts": "59e598dc79c7b18620de175c61eb26f4aeb6905a6654cd63359208a26471541e",
    "https://deno.land/x/nano_jsx@v0.1.0/components/img.ts": "82a9f830394a7d6cd9b789b48fe1e70bc64eb151c4b410a3da74347c06acdae0",
    "https://deno.land/x/nano_jsx@v0.1.0/components/index.ts": "8855ee8302a9a19f38202d4a7ff5b17e22942600da02356bdfbc80c99c5c55f5",
    "https://deno.land/x/nano_jsx@v0.1.0/components/link.ts": "0f0b1c57dc8c466203105062335e0d9ded89a34e75d08b1bbeece198d42021cb",
    "https://deno.land/x/nano_jsx@v0.1.0/components/router.ts": "186e77064a96c31cb66ff1935c93d91904347647fcb13b56b5875ea64905397d",
    "https://deno.land/x/nano_jsx@v0.1.0/components/suspense.ts": "0711b7cdcd42b0b085972eca796d3ba7c436a736e1d2ce17db7e0cd1d3b928f5",
    "https://deno.land/x/nano_jsx@v0.1.0/components/visible.ts": "f19487f7faff0bad38a5549f1efac1df351e83ee4a77ca5886412b439f4b6b53",
    "https://deno.land/x/nano_jsx@v0.1.0/context.ts": "a65018beedf3e1863b96f9d99cf2d471c231a6ae0c77877a77754a398105f9fc",
    "https://deno.land/x/nano_jsx@v0.1.0/core.ts": "9346346ba7ddc52057131953a333c3ffa12e2a93aaceb25dabbab4bf8f1a171c",
    "https://deno.land/x/nano_jsx@v0.1.0/customElementsMode.ts": "61b9688ae89bfcc6109b72eaab4d82a69a8482d89770f3e2c1359b79bf57bb91",
    "https://deno.land/x/nano_jsx@v0.1.0/fragment.ts": "9cfb0dcdcb02d5cc53f027b4b55609e4f9d6d9322b665292e572856f4b688569",
    "https://deno.land/x/nano_jsx@v0.1.0/helpers.ts": "d904aa646534f1c0cf7c05a6c8e02231f906d962acb725c964aedbcf50216d85",
    "https://deno.land/x/nano_jsx@v0.1.0/htm.ts": "d8d9cd4fb4ad4645bff3698c7eb96e7798022c5519d04e709ebde236edde156b",
    "https://deno.land/x/nano_jsx@v0.1.0/htm/build.ts": "9d6b6eb407c0db2d1213a3f9c82efc66a2bec34c89976132ff13e3e095dcaaaf",
    "https://deno.land/x/nano_jsx@v0.1.0/htm/constants.ts": "3f296f87f03bd0ba8d7673884a1f6c4c927a2774648eaa4fd3ca9e3c46c3f7b8",
    "https://deno.land/x/nano_jsx@v0.1.0/htm/index.ts": "29912b9f7a760884fce79caca82649b9772cfa3c3272e0426a4ce377b67d70d5",
    "https://deno.land/x/nano_jsx@v0.1.0/index.ts": "0f39c911a39c61cb39f9bd8a2481500126dcb1b2a826d5b4523dd47a08b6938d",
    "https://deno.land/x/nano_jsx@v0.1.0/jsx-runtime/index.ts": "eb3d0884774eb3bf360d731bd7787aef2701f1be7e91aff8f88da59153d6aaa5",
    "https://deno.land/x/nano_jsx@v0.1.0/jsx.ts": "7d5b4d4a249fba1a42f2016f54f71ca049d96ff490e098db4a19b2a9b197b952",
    "https://deno.land/x/nano_jsx@v0.1.0/lazy.ts": "f8b8a2b915daff1fb70704ffad5171c805f1e28778b5cd0f8c827780762776c4",
    "https://deno.land/x/nano_jsx@v0.1.0/mod.ts": "3dda2bc0dbee9abd01c03acf43ab55a7854952afe0450245fc2ad12eb9bd9598",
    "https://deno.land/x/nano_jsx@v0.1.0/regexDom.ts": "de82fd3110c5a367e3d4ba9b774cfef3baf995deff455edc7363551d79089c90",
    "https://deno.land/x/nano_jsx@v0.1.0/ssr.ts": "1ab6c17f41f612fe409d29d81ce1f17692ff02e5abea6ef4080cabecafc246dd",
    "https://deno.land/x/nano_jsx@v0.1.0/state.ts": "cfc6ca6eb5e65f4cd60717a0a96ce604053bacf6e0b8835afbe22327e9979a1b",
    "https://deno.land/x/nano_jsx@v0.1.0/store.ts": "bf075833a656fc87b2a24c486bb3f77e13f19d6d9efcc42e31ffb6f24ec8eb93",
    "https://deno.land/x/nano_jsx@v0.1.0/types.ts": "fb338d7fa4422a92c442d14e073a2deb01d42b017fcd36013a1f6554e17c5449",
    "https://deno.land/x/nano_jsx@v0.1.0/version.ts": "d7f3813a3b1c490f16e77047483b0dc52cc0cec6cb1b73d6926cf9ad96129a59",
    "https://deno.land/x/nano_jsx@v0.1.0/withStyles.ts": "8aae4c8e79319fe991d49dd8ccc927c221786dfe58de640dba9d9885ce0dd4b7",
    "https://deno.land/x/peko@2.1.0/lib/Router.ts": "0163802db2307d8d6651879ff6b6adbcfd7562d5cd926c542fd9cfa5bbda404d",
    "https://deno.land/x/peko@2.1.0/lib/deno_std@0.204.0/assert/assert.ts": "9a97dad6d98c238938e7540736b826440ad8c1c1e54430ca4c4e623e585607ee",
    "https://deno.land/x/peko@2.1.0/lib/deno_std@0.204.0/assert/assertion_error.ts": "4d0bde9b374dfbcbe8ac23f54f567b77024fb67dbb1906a852d67fe050d42f56",
    "https://deno.land/x/peko@2.1.0/lib/deno_std@0.204.0/encoding/_util.ts": "f368920189c4fe6592ab2e93bd7ded8f3065b84f95cd3e036a4a10a75649dcba",
    "https://deno.land/x/peko@2.1.0/lib/deno_std@0.204.0/encoding/base64.ts": "cc03110d6518170aeaa68ec97f89c6d6e2276294b30807e7332591d7ce2e4b72",
    "https://deno.land/x/peko@2.1.0/lib/deno_std@0.204.0/media_types/_db.ts": "7606d83e31f23ce1a7968cbaee852810c2cf477903a095696cdc62eaab7ce570",
    "https://deno.land/x/peko@2.1.0/lib/deno_std@0.204.0/media_types/_util.ts": "0879b04cc810ff18d3dcd97d361e03c9dfb29f67d7fc4a9c6c9d387282ef5fe8",
    "https://deno.land/x/peko@2.1.0/lib/deno_std@0.204.0/media_types/content_type.ts": "ad98a5aa2d95f5965b2796072284258710a25e520952376ed432b0937ce743bc",
    "https://deno.land/x/peko@2.1.0/lib/deno_std@0.204.0/media_types/extension.ts": "a7cd28c9417143387cdfed27d4e8607ebcf5b1ec27eb8473d5b000144689fe65",
    "https://deno.land/x/peko@2.1.0/lib/deno_std@0.204.0/media_types/extensions_by_type.ts": "43806d6a52a0d6d965ada9d20e60a982feb40bc7a82268178d94edb764694fed",
    "https://deno.land/x/peko@2.1.0/lib/deno_std@0.204.0/media_types/format_media_type.ts": "f5e1073c05526a6f5a516ac5c5587a1abd043bf1039c71cde1166aa4328c8baf",
    "https://deno.land/x/peko@2.1.0/lib/deno_std@0.204.0/media_types/get_charset.ts": "18b88274796fda5d353806bf409eb1d2ddb3f004eb4bd311662c4cdd8ac173db",
    "https://deno.land/x/peko@2.1.0/lib/deno_std@0.204.0/media_types/mod.ts": "d3f0b99f85053bc0b98ecc24eaa3546dfa09b856dc0bbaf60d8956d2cdd710c8",
    "https://deno.land/x/peko@2.1.0/lib/deno_std@0.204.0/media_types/parse_media_type.ts": "31ccf2388ffab31b49500bb89fa0f5de189c8897e2ee6c9954f207637d488211",
    "https://deno.land/x/peko@2.1.0/lib/deno_std@0.204.0/media_types/type_by_extension.ts": "8c210d4e28ea426414dd8c61146eefbcc7e091a89ccde54bbbe883a154856afd",
    "https://deno.land/x/peko@2.1.0/lib/deno_std@0.204.0/media_types/vendor/mime-db.v1.52.0.ts": "6925bbcae81ca37241e3f55908d0505724358cda3384eaea707773b2c7e99586",
    "https://deno.land/x/peko@2.1.0/lib/deno_std@0.204.0/path/_common/assert_path.ts": "061e4d093d4ba5aebceb2c4da3318bfe3289e868570e9d3a8e327d91c2958946",
    "https://deno.land/x/peko@2.1.0/lib/deno_std@0.204.0/path/_common/basename.ts": "0d978ff818f339cd3b1d09dc914881f4d15617432ae519c1b8fdc09ff8d3789a",
    "https://deno.land/x/peko@2.1.0/lib/deno_std@0.204.0/path/_common/common.ts": "9e4233b2eeb50f8b2ae10ecc2108f58583aea6fd3e8907827020282dc2b76143",
    "https://deno.land/x/peko@2.1.0/lib/deno_std@0.204.0/path/_common/constants.ts": "e49961f6f4f48039c0dfed3c3f93e963ca3d92791c9d478ac5b43183413136e0",
    "https://deno.land/x/peko@2.1.0/lib/deno_std@0.204.0/path/_common/dirname.ts": "2ba7fb4cc9fafb0f38028f434179579ce61d4d9e51296fad22b701c3d3cd7397",
    "https://deno.land/x/peko@2.1.0/lib/deno_std@0.204.0/path/_common/format.ts": "11aa62e316dfbf22c126917f5e03ea5fe2ee707386555a8f513d27ad5756cf96",
    "https://deno.land/x/peko@2.1.0/lib/deno_std@0.204.0/path/_common/from_file_url.ts": "ef1bf3197d2efbf0297a2bdbf3a61d804b18f2bcce45548ae112313ec5be3c22",
    "https://deno.land/x/peko@2.1.0/lib/deno_std@0.204.0/path/_common/glob_to_reg_exp.ts": "5c3c2b79fc2294ec803d102bd9855c451c150021f452046312819fbb6d4dc156",
    "https://deno.land/x/peko@2.1.0/lib/deno_std@0.204.0/path/_common/is_glob.ts": "567dce5c6656bdedfc6b3ee6c0833e1e4db2b8dff6e62148e94a917f289c06ad",
    "https://deno.land/x/peko@2.1.0/lib/deno_std@0.204.0/path/_common/normalize.ts": "2ba7fb4cc9fafb0f38028f434179579ce61d4d9e51296fad22b701c3d3cd7397",
    "https://deno.land/x/peko@2.1.0/lib/deno_std@0.204.0/path/_common/normalize_string.ts": "88c472f28ae49525f9fe82de8c8816d93442d46a30d6bb5063b07ff8a89ff589",
    "https://deno.land/x/peko@2.1.0/lib/deno_std@0.204.0/path/_common/relative.ts": "1af19d787a2a84b8c534cc487424fe101f614982ae4851382c978ab2216186b4",
    "https://deno.land/x/peko@2.1.0/lib/deno_std@0.204.0/path/_common/strip_trailing_separators.ts": "7ffc7c287e97bdeeee31b155828686967f222cd73f9e5780bfe7dfb1b58c6c65",
    "https://deno.land/x/peko@2.1.0/lib/deno_std@0.204.0/path/_common/to_file_url.ts": "a8cdd1633bc9175b7eebd3613266d7c0b6ae0fb0cff24120b6092ac31662f9ae",
    "https://deno.land/x/peko@2.1.0/lib/deno_std@0.204.0/path/_interface.ts": "6471159dfbbc357e03882c2266d21ef9afdb1e4aa771b0545e90db58a0ba314b",
    "https://deno.land/x/peko@2.1.0/lib/deno_std@0.204.0/path/_os.ts": "30b0c2875f360c9296dbe6b7f2d528f0f9c741cecad2e97f803f5219e91b40a2",
    "https://deno.land/x/peko@2.1.0/lib/deno_std@0.204.0/path/basename.ts": "04bb5ef3e86bba8a35603b8f3b69537112cdd19ce64b77f2522006da2977a5f3",
    "https://deno.land/x/peko@2.1.0/lib/deno_std@0.204.0/path/common.ts": "f4d061c7d0b95a65c2a1a52439edec393e906b40f1caf4604c389fae7caa80f5",
    "https://deno.land/x/peko@2.1.0/lib/deno_std@0.204.0/path/dirname.ts": "88a0a71c21debafc4da7a4cd44fd32e899462df458fbca152390887d41c40361",
    "https://deno.land/x/peko@2.1.0/lib/deno_std@0.204.0/path/extname.ts": "2da4e2490f3b48b7121d19fb4c91681a5e11bd6bd99df4f6f47d7a71bb6ecdf2",
    "https://deno.land/x/peko@2.1.0/lib/deno_std@0.204.0/path/format.ts": "3457530cc85d1b4bab175f9ae73998b34fd456c830d01883169af0681b8894fb",
    "https://deno.land/x/peko@2.1.0/lib/deno_std@0.204.0/path/from_file_url.ts": "e7fa233ea1dff9641e8d566153a24d95010110185a6f418dd2e32320926043f8",
    "https://deno.land/x/peko@2.1.0/lib/deno_std@0.204.0/path/glob.ts": "9c77cf47db1d786e2ebf66670824d03fd84ecc7c807cac24441eb9d5cb6a2986",
    "https://deno.land/x/peko@2.1.0/lib/deno_std@0.204.0/path/is_absolute.ts": "67232b41b860571c5b7537f4954c88d86ae2ba45e883ee37d3dec27b74909d13",
    "https://deno.land/x/peko@2.1.0/lib/deno_std@0.204.0/path/join.ts": "98d3d76c819af4a11a81d5ba2dbb319f1ce9d63fc2b615597d4bcfddd4a89a09",
    "https://deno.land/x/peko@2.1.0/lib/deno_std@0.204.0/path/mod.ts": "2d62a0a8b78a60e8e6f485d881bac6b61d58573b11cf585fb7c8fc50d9b20d80",
    "https://deno.land/x/peko@2.1.0/lib/deno_std@0.204.0/path/normalize.ts": "aa95be9a92c7bd4f9dc0ba51e942a1973e2b93d266cd74f5ca751c136d520b66",
    "https://deno.land/x/peko@2.1.0/lib/deno_std@0.204.0/path/parse.ts": "d87ff0deef3fb495bc0d862278ff96da5a06acf0625ca27769fc52ac0d3d6ece",
    "https://deno.land/x/peko@2.1.0/lib/deno_std@0.204.0/path/posix/_util.ts": "ecf49560fedd7dd376c6156cc5565cad97c1abe9824f4417adebc7acc36c93e5",
    "https://deno.land/x/peko@2.1.0/lib/deno_std@0.204.0/path/posix/basename.ts": "a630aeb8fd8e27356b1823b9dedd505e30085015407caa3396332752f6b8406a",
    "https://deno.land/x/peko@2.1.0/lib/deno_std@0.204.0/path/posix/common.ts": "e781d395dc76f6282e3f7dd8de13194abb8b04a82d109593141abc6e95755c8b",
    "https://deno.land/x/peko@2.1.0/lib/deno_std@0.204.0/path/posix/dirname.ts": "f48c9c42cc670803b505478b7ef162c7cfa9d8e751b59d278b2ec59470531472",
    "https://deno.land/x/peko@2.1.0/lib/deno_std@0.204.0/path/posix/extname.ts": "ee7f6571a9c0a37f9218fbf510c440d1685a7c13082c348d701396cc795e0be0",
    "https://deno.land/x/peko@2.1.0/lib/deno_std@0.204.0/path/posix/format.ts": "b94876f77e61bfe1f147d5ccb46a920636cd3cef8be43df330f0052b03875968",
    "https://deno.land/x/peko@2.1.0/lib/deno_std@0.204.0/path/posix/from_file_url.ts": "b97287a83e6407ac27bdf3ab621db3fccbf1c27df0a1b1f20e1e1b5acf38a379",
    "https://deno.land/x/peko@2.1.0/lib/deno_std@0.204.0/path/posix/glob.ts": "86c3f06d1c98303613c74650961c3e24bdb871cde2a97c3ae7f0f6d4abbef445",
    "https://deno.land/x/peko@2.1.0/lib/deno_std@0.204.0/path/posix/is_absolute.ts": "159900a3422d11069d48395568217eb7fc105ceda2683d03d9b7c0f0769e01b8",
    "https://deno.land/x/peko@2.1.0/lib/deno_std@0.204.0/path/posix/join.ts": "0c0d84bdc344876930126640011ec1b888e6facf74153ffad9ef26813aa2a076",
    "https://deno.land/x/peko@2.1.0/lib/deno_std@0.204.0/path/posix/mod.ts": "6bfa8a42d85345b12dbe8571028ca2c62d460b6ef968125e498602b43b6cf6b6",
    "https://deno.land/x/peko@2.1.0/lib/deno_std@0.204.0/path/posix/normalize.ts": "11de90a94ab7148cc46e5a288f7d732aade1d616bc8c862f5560fa18ff987b4b",
    "https://deno.land/x/peko@2.1.0/lib/deno_std@0.204.0/path/posix/parse.ts": "199208f373dd93a792e9c585352bfc73a6293411bed6da6d3bc4f4ef90b04c8e",
    "https://deno.land/x/peko@2.1.0/lib/deno_std@0.204.0/path/posix/relative.ts": "e2f230608b0f083e6deaa06e063943e5accb3320c28aef8d87528fbb7fe6504c",
    "https://deno.land/x/peko@2.1.0/lib/deno_std@0.204.0/path/posix/resolve.ts": "51579d83159d5c719518c9ae50812a63959bbcb7561d79acbdb2c3682236e285",
    "https://deno.land/x/peko@2.1.0/lib/deno_std@0.204.0/path/posix/separator.ts": "0b6573b5f3269a3164d8edc9cefc33a02dd51003731c561008c8bb60220ebac1",
    "https://deno.land/x/peko@2.1.0/lib/deno_std@0.204.0/path/posix/to_file_url.ts": "08d43ea839ee75e9b8b1538376cfe95911070a655cd312bc9a00f88ef14967b6",
    "https://deno.land/x/peko@2.1.0/lib/deno_std@0.204.0/path/posix/to_namespaced_path.ts": "c9228a0e74fd37e76622cd7b142b8416663a9b87db643302fa0926b5a5c83bdc",
    "https://deno.land/x/peko@2.1.0/lib/deno_std@0.204.0/path/relative.ts": "23d45ede8b7ac464a8299663a43488aad6b561414e7cbbe4790775590db6349c",
    "https://deno.land/x/peko@2.1.0/lib/deno_std@0.204.0/path/resolve.ts": "5b184efc87155a0af9fa305ff68a109e28de9aee81fc3e77cd01380f19daf867",
    "https://deno.land/x/peko@2.1.0/lib/deno_std@0.204.0/path/separator.ts": "40a3e9a4ad10bef23bc2cd6c610291b6c502a06237c2c4cd034a15ca78dedc1f",
    "https://deno.land/x/peko@2.1.0/lib/deno_std@0.204.0/path/to_file_url.ts": "edaafa089e0bce386e1b2d47afe7c72e379ff93b28a5829a5885e4b6c626d864",
    "https://deno.land/x/peko@2.1.0/lib/deno_std@0.204.0/path/to_namespaced_path.ts": "cf8734848aac3c7527d1689d2adf82132b1618eff3cc523a775068847416b22a",
    "https://deno.land/x/peko@2.1.0/lib/deno_std@0.204.0/path/windows/_util.ts": "f32b9444554c8863b9b4814025c700492a2b57ff2369d015360970a1b1099d54",
    "https://deno.land/x/peko@2.1.0/lib/deno_std@0.204.0/path/windows/basename.ts": "8a9dbf7353d50afbc5b221af36c02a72c2d1b2b5b9f7c65bf6a5a2a0baf88ad3",
    "https://deno.land/x/peko@2.1.0/lib/deno_std@0.204.0/path/windows/common.ts": "e781d395dc76f6282e3f7dd8de13194abb8b04a82d109593141abc6e95755c8b",
    "https://deno.land/x/peko@2.1.0/lib/deno_std@0.204.0/path/windows/dirname.ts": "5c2aa541384bf0bd9aca821275d2a8690e8238fa846198ef5c7515ce31a01a94",
    "https://deno.land/x/peko@2.1.0/lib/deno_std@0.204.0/path/windows/extname.ts": "07f4fa1b40d06a827446b3e3bcc8d619c5546b079b8ed0c77040bbef716c7614",
    "https://deno.land/x/peko@2.1.0/lib/deno_std@0.204.0/path/windows/format.ts": "343019130d78f172a5c49fdc7e64686a7faf41553268961e7b6c92a6d6548edf",
    "https://deno.land/x/peko@2.1.0/lib/deno_std@0.204.0/path/windows/from_file_url.ts": "d53335c12b0725893d768be3ac6bf0112cc5b639d2deb0171b35988493b46199",
    "https://deno.land/x/peko@2.1.0/lib/deno_std@0.204.0/path/windows/glob.ts": "0286fb89ecd21db5cbf3b6c79e2b87c889b03f1311e66fb769e6b905d4142332",
    "https://deno.land/x/peko@2.1.0/lib/deno_std@0.204.0/path/windows/is_absolute.ts": "245b56b5f355ede8664bd7f080c910a97e2169972d23075554ae14d73722c53c",
    "https://deno.land/x/peko@2.1.0/lib/deno_std@0.204.0/path/windows/join.ts": "e6600bf88edeeef4e2276e155b8de1d5dec0435fd526ba2dc4d37986b2882f16",
    "https://deno.land/x/peko@2.1.0/lib/deno_std@0.204.0/path/windows/mod.ts": "c3d1a36fbf9f6db1320bcb4fbda8de011d25461be3497105e15cbea1e3726198",
    "https://deno.land/x/peko@2.1.0/lib/deno_std@0.204.0/path/windows/normalize.ts": "9deebbf40c81ef540b7b945d4ccd7a6a2c5a5992f791e6d3377043031e164e69",
    "https://deno.land/x/peko@2.1.0/lib/deno_std@0.204.0/path/windows/parse.ts": "120faf778fe1f22056f33ded069b68e12447668fcfa19540c0129561428d3ae5",
    "https://deno.land/x/peko@2.1.0/lib/deno_std@0.204.0/path/windows/relative.ts": "026855cd2c36c8f28f1df3c6fbd8f2449a2aa21f48797a74700c5d872b86d649",
    "https://deno.land/x/peko@2.1.0/lib/deno_std@0.204.0/path/windows/resolve.ts": "5ff441ab18a2346abadf778121128ee71bda4d0898513d4639a6ca04edca366b",
    "https://deno.land/x/peko@2.1.0/lib/deno_std@0.204.0/path/windows/separator.ts": "ae21f27015f10510ed1ac4a0ba9c4c9c967cbdd9d9e776a3e4967553c397bd5d",
    "https://deno.land/x/peko@2.1.0/lib/deno_std@0.204.0/path/windows/to_file_url.ts": "8e9ea9e1ff364aa06fa72999204229952d0a279dbb876b7b838b2b2fea55cce3",
    "https://deno.land/x/peko@2.1.0/lib/deno_std@0.204.0/path/windows/to_namespaced_path.ts": "e0f4d4a5e77f28a5708c1a33ff24360f35637ba6d8f103d19661255ef7bfd50d",
    "https://deno.land/x/peko@2.1.0/lib/handlers/sse.ts": "cffcda52472e4fdcbb85b48da3ced094614ae5146ef860957763fb6e8c020b6d",
    "https://deno.land/x/peko@2.1.0/lib/handlers/ssr.ts": "80cb24a4f1e5c69f6c67dbfeb08a089b5eb7d4131658a91105aa67d33506a892",
    "https://deno.land/x/peko@2.1.0/lib/handlers/static.ts": "d906e1004af377a5e2d40aa0667373c86351d6af11c74c038b392d6e0acab7a1",
    "https://deno.land/x/peko@2.1.0/lib/middleware/authenticator.ts": "53a1c0738ad53935def835ce8aebfb2afbba37d7c386c15559d813b2917c05d3",
    "https://deno.land/x/peko@2.1.0/lib/middleware/cacher.ts": "415c074c4ad1a62fa43b0500d0da274056dde459b8d3c1e3f0e6de9623e844f0",
    "https://deno.land/x/peko@2.1.0/lib/middleware/logger.ts": "29e86650a55c684bbb6a49d5083cfe21fa4485bb83a270be20c67ecce2c9c0de",
    "https://deno.land/x/peko@2.1.0/lib/types.ts": "40df4cdbbb2de7a3f47f3ec92aab99698b5284f1d1749624a1920d26d50e18d9",
    "https://deno.land/x/peko@2.1.0/lib/utils/CacheItem.ts": "5d0952fca651639f5f57504902260b7930badb5385b8fdce3b7a170e22513192",
    "https://deno.land/x/peko@2.1.0/lib/utils/Cascade.ts": "86e3ce80c67f76e554da1f2dc4439017d2fd744710b1c2fbbde5cd106d4eaf96",
    "https://deno.land/x/peko@2.1.0/lib/utils/Crypto.ts": "b9cca25e9d5d5e8ec480d80ff4a0d4e6e141e8ac99d85eade56d9642a6f942e2",
    "https://deno.land/x/peko@2.1.0/lib/utils/helpers.ts": "17192621d45b0c9013c175b16944eb3b68d189f011ec438db8eb70bc447819ab",
    "https://deno.land/x/peko@2.1.0/mod.ts": "061abb9bb65cff2b0c255e9e1e88becdcd713cf4d6d55dee6fa0b700dd2d6c22",
    "https://deno.land/x/recursive_readdir@v2.0.0/mod.ts": "521e026015897f04551cc921c619e8c5e69bef161fdc86e7b29a8a85dc8ea1e0"
  }
}
